
Microsoft Visual Studio Solution File, Format Version 12.00
# Visual Studio 2015
Project("{FAE04EC0-301F-11D3-BF4B-00C04F79EFBC}") = "First.CSharp", "First.CSharp.csproj", "{C530BDBF-FE4B-DF4E-F2C5-99BD6AF39072}"
EndProject
Project("{FAE04EC0-301F-11D3-BF4B-00C04F79EFBC}") = "First.CSharp.Editor", "First.CSharp.Editor.csproj", "{46F0ED3E-C0D2-C8B5-9BDC-2FF51E16666C}"
EndProject
Global
	GlobalSection(SolutionConfigurationPlatforms) = preSolution
		Debug|Any CPU = Debug|Any CPU
		Release|Any CPU = Release|Any CPU
	EndGlobalSection
	GlobalSection(ProjectConfigurationPlatforms) = postSolution
		{C530BDBF-FE4B-DF4E-F2C5-99BD6AF39072}.Debug|Any CPU.ActiveCfg = Debug|Any CPU
		{C530BDBF-FE4B-DF4E-F2C5-99BD6AF39072}.Debug|Any CPU.Build.0 = Debug|Any CPU
		{C530BDBF-FE4B-DF4E-F2C5-99BD6AF39072}.Release|Any CPU.ActiveCfg = Release|Any CPU
		{C530BDBF-FE4B-DF4E-F2C5-99BD6AF39072}.Release|Any CPU.Build.0 = Release|Any CPU
		{46F0ED3E-C0D2-C8B5-9BDC-2FF51E16666C}.Debug|Any CPU.ActiveCfg = Debug|Any CPU
		{46F0ED3E-C0D2-C8B5-9BDC-2FF51E16666C}.Debug|Any CPU.Build.0 = Debug|Any CPU
		{46F0ED3E-C0D2-C8B5-9BDC-2FF51E16666C}.Release|Any CPU.ActiveCfg = Release|Any CPU
		{46F0ED3E-C0D2-C8B5-9BDC-2FF51E16666C}.Release|Any CPU.Build.0 = Release|Any CPU
	EndGlobalSection
	GlobalSection(SolutionProperties) = preSolution
		HideSolutionNode = FALSE
	EndGlobalSection
EndGlobal
